
Microsoft Visual Studio Solution File, Format Version 12.00
# Visual Studio 15
VisualStudioVersion = 15.0.28010.2041
MinimumVisualStudioVersion = 10.0.40219.1
Project("{8BC9CEB8-8B4A-11D0-8D11-00A0C91BC942}") = "POOMeta2Vs", "POOMeta2Vs\POOMeta2Vs.vcxproj", "{310E023F-096B-4201-9473-9797A5B3DF33}"
EndProject
Global
	GlobalSection(SolutionConfigurationPlatforms) = preSolution
		Debug|x64 = Debug|x64
		Debug|x86 = Debug|x86
		Release|x64 = Release|x64
		Release|x86 = Release|x86
	EndGlobalSection
	GlobalSection(ProjectConfigurationPlatforms) = postSolution
		{310E023F-096B-4201-9473-9797A5B3DF33}.Debug|x64.ActiveCfg = Debug|x64
		{310E023F-096B-4201-9473-9797A5B3DF33}.Debug|x64.Build.0 = Debug|x64
		{310E023F-096B-4201-9473-9797A5B3DF33}.Debug|x86.ActiveCfg = Debug|Win32
		{310E023F-096B-4201-9473-9797A5B3DF33}.Debug|x86.Build.0 = Debug|Win32
		{310E023F-096B-4201-9473-9797A5B3DF33}.Release|x64.ActiveCfg = Release|x64
		{310E023F-096B-4201-9473-9797A5B3DF33}.Release|x64.Build.0 = Release|x64
		{310E023F-096B-4201-9473-9797A5B3DF33}.Release|x86.ActiveCfg = Release|Win32
		{310E023F-096B-4201-9473-9797A5B3DF33}.Release|x86.Build.0 = Release|Win32
	EndGlobalSection
	GlobalSection(SolutionProperties) = preSolution
		HideSolutionNode = FALSE
	EndGlobalSection
	GlobalSection(ExtensibilityGlobals) = postSolution
		SolutionGuid = {7E310F44-6ABB-4C72-9B05-2BA64F172732}
	EndGlobalSection
EndGlobal
